Microsoft Visual Studio Solution File, Format Version 11.00
# Visual Studio 2008

Project("{5628F872-6A13-AF53-230E-F728B4711256}") = "RobotoDesperato", "Assembly-CSharp.csproj", "{17B3216F-C3A8-8A37-1017-8C0D436E66A3}"
EndProject
Global
	GlobalSection(SolutionConfigurationPlatforms) = preSolution
		Debug|Any CPU = Debug|Any CPU
		Release|Any CPU = Release|Any CPU
	EndGlobalSection
	GlobalSection(ProjectConfigurationPlatforms) = postSolution
		{17B3216F-C3A8-8A37-1017-8C0D436E66A3}.Debug|Any CPU.ActiveCfg = Debug|Any CPU
		{17B3216F-C3A8-8A37-1017-8C0D436E66A3}.Debug|Any CPU.Build.0 = Debug|Any CPU
		{17B3216F-C3A8-8A37-1017-8C0D436E66A3}.Release|Any CPU.ActiveCfg = Release|Any CPU
		{17B3216F-C3A8-8A37-1017-8C0D436E66A3}.Release|Any CPU.Build.0 = Release|Any CPU
	EndGlobalSection
	GlobalSection(SolutionProperties) = preSolution
		HideSolutionNode = FALSE
	EndGlobalSection
	GlobalSection(MonoDevelopProperties) = preSolution
		StartupItem = Assembly-CSharp.csproj
	EndGlobalSection
EndGlobal
